
Microsoft Visual Studio Solution File, Format Version 11.00
# Visual Studio 2010
Project("{FAE04EC0-301F-11D3-BF4B-00C04F79EFBC}") = "Portforwarding.WinForm", "Portforwarding.WinForm\Portforwarding.WinForm.csproj", "{BE2BB591-6EAE-48FF-B07C-8A0CF2C20BC6}"
EndProject
Project("{FAE04EC0-301F-11D3-BF4B-00C04F79EFBC}") = "Portforwarding", "Portforwarding\Portforwarding.csproj", "{3F2E03BE-A764-4D70-AA7A-577F1892D853}"
EndProject
Global
	GlobalSection(SolutionConfigurationPlatforms) = preSolution
		Debug|Any CPU = Debug|Any CPU
		Debug|Mixed Platforms = Debug|Mixed Platforms
		Debug|x86 = Debug|x86
		Release|Any CPU = Release|Any CPU
		Release|Mixed Platforms = Release|Mixed Platforms
		Release|x86 = Release|x86
	EndGlobalSection
	GlobalSection(ProjectConfigurationPlatforms) = postSolution
		{BE2BB591-6EAE-48FF-B07C-8A0CF2C20BC6}.Debug|Any CPU.ActiveCfg = Debug|x86
		{BE2BB591-6EAE-48FF-B07C-8A0CF2C20BC6}.Debug|Mixed Platforms.ActiveCfg = Debug|x86
		{BE2BB591-6EAE-48FF-B07C-8A0CF2C20BC6}.Debug|Mixed Platforms.Build.0 = Debug|x86
		{BE2BB591-6EAE-48FF-B07C-8A0CF2C20BC6}.Debug|x86.ActiveCfg = Debug|x86
		{BE2BB591-6EAE-48FF-B07C-8A0CF2C20BC6}.Debug|x86.Build.0 = Debug|x86
		{BE2BB591-6EAE-48FF-B07C-8A0CF2C20BC6}.Release|Any CPU.ActiveCfg = Release|x86
		{BE2BB591-6EAE-48FF-B07C-8A0CF2C20BC6}.Release|Mixed Platforms.ActiveCfg = Release|x86
		{BE2BB591-6EAE-48FF-B07C-8A0CF2C20BC6}.Release|Mixed Platforms.Build.0 = Release|x86
		{BE2BB591-6EAE-48FF-B07C-8A0CF2C20BC6}.Release|x86.ActiveCfg = Release|x86
		{BE2BB591-6EAE-48FF-B07C-8A0CF2C20BC6}.Release|x86.Build.0 = Release|x86
		{3F2E03BE-A764-4D70-AA7A-577F1892D853}.Debug|Any CPU.ActiveCfg = Debug|Any CPU
		{3F2E03BE-A764-4D70-AA7A-577F1892D853}.Debug|Any CPU.Build.0 = Debug|Any CPU
		{3F2E03BE-A764-4D70-AA7A-577F1892D853}.Debug|Mixed Platforms.ActiveCfg = Debug|Any CPU
		{3F2E03BE-A764-4D70-AA7A-577F1892D853}.Debug|Mixed Platforms.Build.0 = Debug|Any CPU
		{3F2E03BE-A764-4D70-AA7A-577F1892D853}.Debug|x86.ActiveCfg = Debug|Any CPU
		{3F2E03BE-A764-4D70-AA7A-577F1892D853}.Release|Any CPU.ActiveCfg = Release|Any CPU
		{3F2E03BE-A764-4D70-AA7A-577F1892D853}.Release|Any CPU.Build.0 = Release|Any CPU
		{3F2E03BE-A764-4D70-AA7A-577F1892D853}.Release|Mixed Platforms.ActiveCfg = Release|Any CPU
		{3F2E03BE-A764-4D70-AA7A-577F1892D853}.Release|Mixed Platforms.Build.0 = Release|Any CPU
		{3F2E03BE-A764-4D70-AA7A-577F1892D853}.Release|x86.ActiveCfg = Release|Any CPU
	EndGlobalSection
	GlobalSection(SolutionProperties) = preSolution
		HideSolutionNode = FALSE
	EndGlobalSection
EndGlobal
